
Microsoft Visual Studio Solution File, Format Version 12.00
# Visual Studio Version 17
VisualStudioVersion = 17.9.34701.34
MinimumVisualStudioVersion = 10.0.40219.1
Project("{FAE04EC0-301F-11D3-BF4B-00C04F79EFBC}") = "Notes", "Notes\Notes.csproj", "{3DD48CF0-5C20-45CA-B5DD-67FBEE229E93}"
EndProject
Global
	GlobalSection(SolutionConfigurationPlatforms) = preSolution
		Debug|Any CPU = Debug|Any CPU
		Release|Any CPU = Release|Any CPU
	EndGlobalSection
	GlobalSection(ProjectConfigurationPlatforms) = postSolution
		{3DD48CF0-5C20-45CA-B5DD-67FBEE229E93}.Debug|Any CPU.ActiveCfg = Debug|Any CPU
		{3DD48CF0-5C20-45CA-B5DD-67FBEE229E93}.Debug|Any CPU.Build.0 = Debug|Any CPU
		{3DD48CF0-5C20-45CA-B5DD-67FBEE229E93}.Debug|Any CPU.Deploy.0 = Debug|Any CPU
		{3DD48CF0-5C20-45CA-B5DD-67FBEE229E93}.Release|Any CPU.ActiveCfg = Release|Any CPU
		{3DD48CF0-5C20-45CA-B5DD-67FBEE229E93}.Release|Any CPU.Build.0 = Release|Any CPU
		{3DD48CF0-5C20-45CA-B5DD-67FBEE229E93}.Release|Any CPU.Deploy.0 = Release|Any CPU
	EndGlobalSection
	GlobalSection(SolutionProperties) = preSolution
		HideSolutionNode = FALSE
	EndGlobalSection
	GlobalSection(ExtensibilityGlobals) = postSolution
		SolutionGuid = {A88E35E5-AABA-4707-AF32-8A7A8573A3C5}
	EndGlobalSection
EndGlobal
